
Microsoft Visual Studio Solution File, Format Version 12.00
# Visual Studio Version 17
VisualStudioVersion = 17.10.35027.167
MinimumVisualStudioVersion = 10.0.40219.1
Project("{FAE04EC0-301F-11D3-BF4B-00C04F79EFBC}") = "Asp.Net-Core-Empty", "Asp.Net-Core-Empty\Asp.Net-Core-Empty.csproj", "{1D571312-4943-453E-B6C4-94490A567BF4}"
EndProject
Global
	GlobalSection(SolutionConfigurationPlatforms) = preSolution
		Debug|Any CPU = Debug|Any CPU
		Release|Any CPU = Release|Any CPU
	EndGlobalSection
	GlobalSection(ProjectConfigurationPlatforms) = postSolution
		{1D571312-4943-453E-B6C4-94490A567BF4}.Debug|Any CPU.ActiveCfg = Debug|Any CPU
		{1D571312-4943-453E-B6C4-94490A567BF4}.Debug|Any CPU.Build.0 = Debug|Any CPU
		{1D571312-4943-453E-B6C4-94490A567BF4}.Release|Any CPU.ActiveCfg = Release|Any CPU
		{1D571312-4943-453E-B6C4-94490A567BF4}.Release|Any CPU.Build.0 = Release|Any CPU
	EndGlobalSection
	GlobalSection(SolutionProperties) = preSolution
		HideSolutionNode = FALSE
	EndGlobalSection
	GlobalSection(ExtensibilityGlobals) = postSolution
		SolutionGuid = {2764E017-4848-4406-B494-27022A31EE57}
	EndGlobalSection
EndGlobal
